
Microsoft Visual Studio Solution File, Format Version 12.00
# Visual Studio Version 17
VisualStudioVersion = 17.5.002.0
MinimumVisualStudioVersion = 10.0.40219.1
Project("{2150E333-8FDC-42A3-9474-1A3956D46DE8}") = "Komplexa uppgifter", "Komplexa uppgifter", "{EF116172-D6BF-4D42-9C60-86A8822FDC1A}"
EndProject
Project("{9A19103F-16F7-4668-BE54-9A1E7A4F7556}") = "1_GissaTalet", "Komplexa uppgifter\1_GissaTalet\1_GissaTalet.csproj", "{1FABBF22-22C0-4719-B270-71043DC0EEE5}"
EndProject
Project("{9A19103F-16F7-4668-BE54-9A1E7A4F7556}") = "2_Banksimulatorn", "Komplexa uppgifter\2_Banksimulatorn\2_Banksimulatorn.csproj", "{239C46A7-4246-45CF-BA5F-CA0249ED88E8}"
EndProject
Project("{9A19103F-16F7-4668-BE54-9A1E7A4F7556}") = "3_DatornGissarTalet", "Komplexa uppgifter\3_DatornGissarTalet\3_DatornGissarTalet.csproj", "{70C4C6EC-4D1B-45CD-9972-267515E1A67F}"
EndProject
Project("{9A19103F-16F7-4668-BE54-9A1E7A4F7556}") = "4_HojaTalet", "Komplexa uppgifter\4_HojaTalet\4_HojaTalet.csproj", "{7126E7CF-F1EB-476A-8494-A30FFAA53428}"
EndProject
Project("{9A19103F-16F7-4668-BE54-9A1E7A4F7556}") = "5_Reaktionsspelet", "Komplexa uppgifter\5_Reaktionsspelet\5_Reaktionsspelet.csproj", "{764AE883-8770-4469-BFFC-34A912E4E3AC}"
EndProject
Project("{9A19103F-16F7-4668-BE54-9A1E7A4F7556}") = "6_Godisautomaten", "Komplexa uppgifter\6_Godisautomaten\6_Godisautomaten.csproj", "{DA3C38BB-7BEE-4F39-88E5-31389A8299FA}"
EndProject
Project("{9A19103F-16F7-4668-BE54-9A1E7A4F7556}") = "7_TemperaturIOlikaStader", "Komplexa uppgifter\7_TemperaturIOlikaStader\7_TemperaturIOlikaStader.csproj", "{D2E2059D-8D4A-454E-BA15-40537265EBBE}"
EndProject
Project("{2150E333-8FDC-42A3-9474-1A3956D46DE8}") = "Metoder", "Metoder", "{1780192B-97E2-4B44-9BA4-E179CA003B87}"
EndProject
Project("{9A19103F-16F7-4668-BE54-9A1E7A4F7556}") = "1_SkapaSmåmetoderMedInOchUtdata", "Metoder\1_SkapaSmåmetoderMedInOchUtdata\1_SkapaSmåmetoderMedInOchUtdata.csproj", "{827EF226-2E54-48C1-8D07-590CC7688DB1}"
EndProject
Project("{9A19103F-16F7-4668-BE54-9A1E7A4F7556}") = "2_SkapaMetodMedEndastIndata", "Metoder\2_SkapaMetodMedEndastIndata\2_SkapaMetodMedEndastIndata.csproj", "{B6EBC215-922E-4767-9A8F-E89D47C29901}"
EndProject
Project("{9A19103F-16F7-4668-BE54-9A1E7A4F7556}") = "3_SkapaMetodMedEndastUtdata", "Metoder\3_SkapaMetodMedEndastUtdata\3_SkapaMetodMedEndastUtdata.csproj", "{F23140B2-99F1-4DA1-AB69-B7996A96406D}"
EndProject
Project("{9A19103F-16F7-4668-BE54-9A1E7A4F7556}") = "4_SkapaMetodMedVarkenInEllerUtdata", "Metoder\4_SkapaMetodMedVarkenInEllerUtdata\4_SkapaMetodMedVarkenInEllerUtdata.csproj", "{ECE62E5F-8E22-4DEE-8F54-93819F28998A}"
EndProject
Project("{9A19103F-16F7-4668-BE54-9A1E7A4F7556}") = "5_MetoderDuAnvänt", "Metoder\5_MetoderDuAnvänt\5_MetoderDuAnvänt.csproj", "{D6CA21FE-7865-4EF3-9B26-EDE859C43E2D}"
EndProject
Project("{9A19103F-16F7-4668-BE54-9A1E7A4F7556}") = "6_OlikaTyperAvMetoder", "Metoder\6_OlikaTyperAvMetoder\6_OlikaTyperAvMetoder.csproj", "{A5C8CF0B-4C15-4EB7-A431-2A8A9EA0EE79}"
EndProject
Project("{2150E333-8FDC-42A3-9474-1A3956D46DE8}") = "Småövningar", "Småövningar", "{FEECB19A-097B-4B5A-8C12-AB1EC28140E1}"
EndProject
Project("{9A19103F-16F7-4668-BE54-9A1E7A4F7556}") = "2.1_SummaAvTvaTal", "Småövningar\2.1_SummaAvTvaTal\2.1_SummaAvTvaTal.csproj", "{E9C8B51D-381A-47B1-A1CB-992F32F18DCD}"
EndProject
Project("{9A19103F-16F7-4668-BE54-9A1E7A4F7556}") = "2.2_SummaOchMedelvardeAvTreTal", "Småövningar\2.2_SummaOchMedelvardeAvTreTal\2.2_SummaOchMedelvardeAvTreTal.csproj", "{206BDB6C-8C50-4851-912F-F74C39A83265}"
EndProject
Project("{9A19103F-16F7-4668-BE54-9A1E7A4F7556}") = "2.3_SagaMedTvaNamn", "Småövningar\2.3_SagaMedTvaNamn\2.3_SagaMedTvaNamn.csproj", "{CC3EA885-03FA-457E-8D7E-1FD291569E1E}"
EndProject
Project("{9A19103F-16F7-4668-BE54-9A1E7A4F7556}") = "2.4_AvrundaFlyttal", "Småövningar\2.4_AvrundaFlyttal\2.4_AvrundaFlyttal.csproj", "{5470D965-F7D3-49A0-B20C-1722C2A7196D}"
EndProject
Project("{9A19103F-16F7-4668-BE54-9A1E7A4F7556}") = "2.5_FelaktigaVariabeltyper", "Småövningar\2.5_FelaktigaVariabeltyper\2.5_FelaktigaVariabeltyper.csproj", "{829CE3FA-E00B-4DA4-B22A-08CB10919D65}"
EndProject
Project("{9A19103F-16F7-4668-BE54-9A1E7A4F7556}") = "2.6_VariabelbyteMedTemp", "Småövningar\2.6_VariabelbyteMedTemp\2.6_VariabelbyteMedTemp.csproj", "{50752949-7619-4452-8D20-19CB6C9C3529}"
EndProject
Project("{9A19103F-16F7-4668-BE54-9A1E7A4F7556}") = "2.7_VariabelbyteUtanTemp", "Småövningar\2.7_VariabelbyteUtanTemp\2.7_VariabelbyteUtanTemp.csproj", "{6669DB21-2F88-425E-B801-A719443D0D3B}"
EndProject
Project("{9A19103F-16F7-4668-BE54-9A1E7A4F7556}") = "3.1_KollaMyndig", "Småövningar\3.1_KollaMyndig\3.1_KollaMyndig.csproj", "{47CE3F6A-99A2-44B6-9BDE-3881780C5447}"
EndProject
Project("{9A19103F-16F7-4668-BE54-9A1E7A4F7556}") = "3.2_VaderKontrollDel1", "Småövningar\3.2_VaderKontrollDel1\3.2_VaderKontrollDel1.csproj", "{5BB3C25E-F56B-4DE6-ABAC-76F8132252F4}"
EndProject
Project("{9A19103F-16F7-4668-BE54-9A1E7A4F7556}") = "3.3_VaderKontrollDel2", "Småövningar\3.3_VaderKontrollDel2\3.3_VaderKontrollDel2.csproj", "{1CCD4B77-1CDF-493B-8C99-E61E52526564}"
EndProject
Project("{9A19103F-16F7-4668-BE54-9A1E7A4F7556}") = "3.4_VaderKontrollDel3", "Småövningar\3.4_VaderKontrollDel3\3.4_VaderKontrollDel3.csproj", "{A6394030-731A-42D8-BABD-1316AE7285F0}"
EndProject
Project("{9A19103F-16F7-4668-BE54-9A1E7A4F7556}") = "3.5_KallasteStadenDel1", "Småövningar\3.5_KallasteStadenDel1\3.5_KallasteStadenDel1.csproj", "{2A57CF33-6129-416B-9D06-36F4B77E4437}"
EndProject
Project("{9A19103F-16F7-4668-BE54-9A1E7A4F7556}") = "3.6_KallasteStadenDel2", "Småövningar\3.6_KallasteStadenDel2\3.6_KallasteStadenDel2.csproj", "{3E54F44B-7226-43AC-8803-FB2CBF75413A}"
EndProject
Project("{9A19103F-16F7-4668-BE54-9A1E7A4F7556}") = "3.7_VattenTemperatur", "Småövningar\3.7_VattenTemperatur\3.7_VattenTemperatur.csproj", "{FC32C74C-6000-4207-8F16-D3B65B903F71}"
EndProject
Project("{9A19103F-16F7-4668-BE54-9A1E7A4F7556}") = "3.8_FelaktigIfSats", "Småövningar\3.8_FelaktigIfSats\3.8_FelaktigIfSats.csproj", "{2EEFA2D3-0CC3-4609-A263-D5F216C85955}"
EndProject
Project("{9A19103F-16F7-4668-BE54-9A1E7A4F7556}") = "4.1_Talfoljd1Till20", "Småövningar\4.1_Talfoljd1Till20\4.1_Talfoljd1Till20.csproj", "{77545FE3-AEF0-4C83-ADF8-31FC76C1DD6B}"
EndProject
Project("{9A19103F-16F7-4668-BE54-9A1E7A4F7556}") = "4.2_TalfoljdUppTill100", "Småövningar\4.2_TalfoljdUppTill100\4.2_TalfoljdUppTill100.csproj", "{6F9F50AB-3146-4D5B-9424-73E9E0F0A2F5}"
EndProject
Project("{9A19103F-16F7-4668-BE54-9A1E7A4F7556}") = "4.3_KronaEllerKlave", "Småövningar\4.3_KronaEllerKlave\4.3_KronaEllerKlave.csproj", "{ADEE39DC-305A-4226-ADC4-452183B3683F}"
EndProject
Project("{9A19103F-16F7-4668-BE54-9A1E7A4F7556}") = "4.4_FelaktigLoop", "Småövningar\4.4_FelaktigLoop\4.4_FelaktigLoop.csproj", "{F669B345-932D-4D0A-9537-81ADD2845BFC}"
EndProject
Project("{9A19103F-16F7-4668-BE54-9A1E7A4F7556}") = "4.5_TarningsKast", "Småövningar\4.5_TarningsKast\4.5_TarningsKast.csproj", "{1D5E9DF7-14AC-4784-82B3-F55A3FCC3A64}"
EndProject
Project("{9A19103F-16F7-4668-BE54-9A1E7A4F7556}") = "4.6_TriangelUppOchNed", "Småövningar\4.6_TriangelUppOchNed\4.6_TriangelUppOchNed.csproj", "{8BCBA9C0-9E51-4B4F-A751-127B42A55D9F}"
EndProject
Project("{9A19103F-16F7-4668-BE54-9A1E7A4F7556}") = "4.7_TriangelNedOchUpp", "Småövningar\4.7_TriangelNedOchUpp\4.7_TriangelNedOchUpp.csproj", "{5B490160-8006-4484-A563-DC0A17E0102E}"
EndProject
Global
	GlobalSection(SolutionConfigurationPlatforms) = preSolution
		Debug|Any CPU = Debug|Any CPU
		Release|Any CPU = Release|Any CPU
	EndGlobalSection
	GlobalSection(ProjectConfigurationPlatforms) = postSolution
		{1FABBF22-22C0-4719-B270-71043DC0EEE5}.Debug|Any CPU.ActiveCfg = Debug|Any CPU
		{1FABBF22-22C0-4719-B270-71043DC0EEE5}.Debug|Any CPU.Build.0 = Debug|Any CPU
		{1FABBF22-22C0-4719-B270-71043DC0EEE5}.Release|Any CPU.ActiveCfg = Release|Any CPU
		{1FABBF22-22C0-4719-B270-71043DC0EEE5}.Release|Any CPU.Build.0 = Release|Any CPU
		{239C46A7-4246-45CF-BA5F-CA0249ED88E8}.Debug|Any CPU.ActiveCfg = Debug|Any CPU
		{239C46A7-4246-45CF-BA5F-CA0249ED88E8}.Debug|Any CPU.Build.0 = Debug|Any CPU
		{239C46A7-4246-45CF-BA5F-CA0249ED88E8}.Release|Any CPU.ActiveCfg = Release|Any CPU
		{239C46A7-4246-45CF-BA5F-CA0249ED88E8}.Release|Any CPU.Build.0 = Release|Any CPU
		{70C4C6EC-4D1B-45CD-9972-267515E1A67F}.Debug|Any CPU.ActiveCfg = Debug|Any CPU
		{70C4C6EC-4D1B-45CD-9972-267515E1A67F}.Debug|Any CPU.Build.0 = Debug|Any CPU
		{70C4C6EC-4D1B-45CD-9972-267515E1A67F}.Release|Any CPU.ActiveCfg = Release|Any CPU
		{70C4C6EC-4D1B-45CD-9972-267515E1A67F}.Release|Any CPU.Build.0 = Release|Any CPU
		{7126E7CF-F1EB-476A-8494-A30FFAA53428}.Debug|Any CPU.ActiveCfg = Debug|Any CPU
		{7126E7CF-F1EB-476A-8494-A30FFAA53428}.Debug|Any CPU.Build.0 = Debug|Any CPU
		{7126E7CF-F1EB-476A-8494-A30FFAA53428}.Release|Any CPU.ActiveCfg = Release|Any CPU
		{7126E7CF-F1EB-476A-8494-A30FFAA53428}.Release|Any CPU.Build.0 = Release|Any CPU
		{764AE883-8770-4469-BFFC-34A912E4E3AC}.Debug|Any CPU.ActiveCfg = Debug|Any CPU
		{764AE883-8770-4469-BFFC-34A912E4E3AC}.Debug|Any CPU.Build.0 = Debug|Any CPU
		{764AE883-8770-4469-BFFC-34A912E4E3AC}.Release|Any CPU.ActiveCfg = Release|Any CPU
		{764AE883-8770-4469-BFFC-34A912E4E3AC}.Release|Any CPU.Build.0 = Release|Any CPU
		{DA3C38BB-7BEE-4F39-88E5-31389A8299FA}.Debug|Any CPU.ActiveCfg = Debug|Any CPU
		{DA3C38BB-7BEE-4F39-88E5-31389A8299FA}.Debug|Any CPU.Build.0 = Debug|Any CPU
		{DA3C38BB-7BEE-4F39-88E5-31389A8299FA}.Release|Any CPU.ActiveCfg = Release|Any CPU
		{DA3C38BB-7BEE-4F39-88E5-31389A8299FA}.Release|Any CPU.Build.0 = Release|Any CPU
		{D2E2059D-8D4A-454E-BA15-40537265EBBE}.Debug|Any CPU.ActiveCfg = Debug|Any CPU
		{D2E2059D-8D4A-454E-BA15-40537265EBBE}.Debug|Any CPU.Build.0 = Debug|Any CPU
		{D2E2059D-8D4A-454E-BA15-40537265EBBE}.Release|Any CPU.ActiveCfg = Release|Any CPU
		{D2E2059D-8D4A-454E-BA15-40537265EBBE}.Release|Any CPU.Build.0 = Release|Any CPU
		{827EF226-2E54-48C1-8D07-590CC7688DB1}.Debug|Any CPU.ActiveCfg = Debug|Any CPU
		{827EF226-2E54-48C1-8D07-590CC7688DB1}.Debug|Any CPU.Build.0 = Debug|Any CPU
		{827EF226-2E54-48C1-8D07-590CC7688DB1}.Release|Any CPU.ActiveCfg = Release|Any CPU
		{827EF226-2E54-48C1-8D07-590CC7688DB1}.Release|Any CPU.Build.0 = Release|Any CPU
		{B6EBC215-922E-4767-9A8F-E89D47C29901}.Debug|Any CPU.ActiveCfg = Debug|Any CPU
		{B6EBC215-922E-4767-9A8F-E89D47C29901}.Debug|Any CPU.Build.0 = Debug|Any CPU
		{B6EBC215-922E-4767-9A8F-E89D47C29901}.Release|Any CPU.ActiveCfg = Release|Any CPU
		{B6EBC215-922E-4767-9A8F-E89D47C29901}.Release|Any CPU.Build.0 = Release|Any CPU
		{F23140B2-99F1-4DA1-AB69-B7996A96406D}.Debug|Any CPU.ActiveCfg = Debug|Any CPU
		{F23140B2-99F1-4DA1-AB69-B7996A96406D}.Debug|Any CPU.Build.0 = Debug|Any CPU
		{F23140B2-99F1-4DA1-AB69-B7996A96406D}.Release|Any CPU.ActiveCfg = Release|Any CPU
		{F23140B2-99F1-4DA1-AB69-B7996A96406D}.Release|Any CPU.Build.0 = Release|Any CPU
		{ECE62E5F-8E22-4DEE-8F54-93819F28998A}.Debug|Any CPU.ActiveCfg = Debug|Any CPU
		{ECE62E5F-8E22-4DEE-8F54-93819F28998A}.Debug|Any CPU.Build.0 = Debug|Any CPU
		{ECE62E5F-8E22-4DEE-8F54-93819F28998A}.Release|Any CPU.ActiveCfg = Release|Any CPU
		{ECE62E5F-8E22-4DEE-8F54-93819F28998A}.Release|Any CPU.Build.0 = Release|Any CPU
		{D6CA21FE-7865-4EF3-9B26-EDE859C43E2D}.Debug|Any CPU.ActiveCfg = Debug|Any CPU
		{D6CA21FE-7865-4EF3-9B26-EDE859C43E2D}.Debug|Any CPU.Build.0 = Debug|Any CPU
		{D6CA21FE-7865-4EF3-9B26-EDE859C43E2D}.Release|Any CPU.ActiveCfg = Release|Any CPU
		{D6CA21FE-7865-4EF3-9B26-EDE859C43E2D}.Release|Any CPU.Build.0 = Release|Any CPU
		{A5C8CF0B-4C15-4EB7-A431-2A8A9EA0EE79}.Debug|Any CPU.ActiveCfg = Debug|Any CPU
		{A5C8CF0B-4C15-4EB7-A431-2A8A9EA0EE79}.Debug|Any CPU.Build.0 = Debug|Any CPU
		{A5C8CF0B-4C15-4EB7-A431-2A8A9EA0EE79}.Release|Any CPU.ActiveCfg = Release|Any CPU
		{A5C8CF0B-4C15-4EB7-A431-2A8A9EA0EE79}.Release|Any CPU.Build.0 = Release|Any CPU
		{E9C8B51D-381A-47B1-A1CB-992F32F18DCD}.Debug|Any CPU.ActiveCfg = Debug|Any CPU
		{E9C8B51D-381A-47B1-A1CB-992F32F18DCD}.Debug|Any CPU.Build.0 = Debug|Any CPU
		{E9C8B51D-381A-47B1-A1CB-992F32F18DCD}.Release|Any CPU.ActiveCfg = Release|Any CPU
		{E9C8B51D-381A-47B1-A1CB-992F32F18DCD}.Release|Any CPU.Build.0 = Release|Any CPU
		{206BDB6C-8C50-4851-912F-F74C39A83265}.Debug|Any CPU.ActiveCfg = Debug|Any CPU
		{206BDB6C-8C50-4851-912F-F74C39A83265}.Debug|Any CPU.Build.0 = Debug|Any CPU
		{206BDB6C-8C50-4851-912F-F74C39A83265}.Release|Any CPU.ActiveCfg = Release|Any CPU
		{206BDB6C-8C50-4851-912F-F74C39A83265}.Release|Any CPU.Build.0 = Release|Any CPU
		{CC3EA885-03FA-457E-8D7E-1FD291569E1E}.Debug|Any CPU.ActiveCfg = Debug|Any CPU
		{CC3EA885-03FA-457E-8D7E-1FD291569E1E}.Debug|Any CPU.Build.0 = Debug|Any CPU
		{CC3EA885-03FA-457E-8D7E-1FD291569E1E}.Release|Any CPU.ActiveCfg = Release|Any CPU
		{CC3EA885-03FA-457E-8D7E-1FD291569E1E}.Release|Any CPU.Build.0 = Release|Any CPU
		{5470D965-F7D3-49A0-B20C-1722C2A7196D}.Debug|Any CPU.ActiveCfg = Debug|Any CPU
		{5470D965-F7D3-49A0-B20C-1722C2A7196D}.Debug|Any CPU.Build.0 = Debug|Any CPU
		{5470D965-F7D3-49A0-B20C-1722C2A7196D}.Release|Any CPU.ActiveCfg = Release|Any CPU
		{5470D965-F7D3-49A0-B20C-1722C2A7196D}.Release|Any CPU.Build.0 = Release|Any CPU
		{829CE3FA-E00B-4DA4-B22A-08CB10919D65}.Debug|Any CPU.ActiveCfg = Debug|Any CPU
		{829CE3FA-E00B-4DA4-B22A-08CB10919D65}.Debug|Any CPU.Build.0 = Debug|Any CPU
		{829CE3FA-E00B-4DA4-B22A-08CB10919D65}.Release|Any CPU.ActiveCfg = Release|Any CPU
		{829CE3FA-E00B-4DA4-B22A-08CB10919D65}.Release|Any CPU.Build.0 = Release|Any CPU
		{50752949-7619-4452-8D20-19CB6C9C3529}.Debug|Any CPU.ActiveCfg = Debug|Any CPU
		{50752949-7619-4452-8D20-19CB6C9C3529}.Debug|Any CPU.Build.0 = Debug|Any CPU
		{50752949-7619-4452-8D20-19CB6C9C3529}.Release|Any CPU.ActiveCfg = Release|Any CPU
		{50752949-7619-4452-8D20-19CB6C9C3529}.Release|Any CPU.Build.0 = Release|Any CPU
		{6669DB21-2F88-425E-B801-A719443D0D3B}.Debug|Any CPU.ActiveCfg = Debug|Any CPU
		{6669DB21-2F88-425E-B801-A719443D0D3B}.Debug|Any CPU.Build.0 = Debug|Any CPU
		{6669DB21-2F88-425E-B801-A719443D0D3B}.Release|Any CPU.ActiveCfg = Release|Any CPU
		{6669DB21-2F88-425E-B801-A719443D0D3B}.Release|Any CPU.Build.0 = Release|Any CPU
		{47CE3F6A-99A2-44B6-9BDE-3881780C5447}.Debug|Any CPU.ActiveCfg = Debug|Any CPU
		{47CE3F6A-99A2-44B6-9BDE-3881780C5447}.Debug|Any CPU.Build.0 = Debug|Any CPU
		{47CE3F6A-99A2-44B6-9BDE-3881780C5447}.Release|Any CPU.ActiveCfg = Release|Any CPU
		{47CE3F6A-99A2-44B6-9BDE-3881780C5447}.Release|Any CPU.Build.0 = Release|Any CPU
		{5BB3C25E-F56B-4DE6-ABAC-76F8132252F4}.Debug|Any CPU.ActiveCfg = Debug|Any CPU
		{5BB3C25E-F56B-4DE6-ABAC-76F8132252F4}.Debug|Any CPU.Build.0 = Debug|Any CPU
		{5BB3C25E-F56B-4DE6-ABAC-76F8132252F4}.Release|Any CPU.ActiveCfg = Release|Any CPU
		{5BB3C25E-F56B-4DE6-ABAC-76F8132252F4}.Release|Any CPU.Build.0 = Release|Any CPU
		{1CCD4B77-1CDF-493B-8C99-E61E52526564}.Debug|Any CPU.ActiveCfg = Debug|Any CPU
		{1CCD4B77-1CDF-493B-8C99-E61E52526564}.Debug|Any CPU.Build.0 = Debug|Any CPU
		{1CCD4B77-1CDF-493B-8C99-E61E52526564}.Release|Any CPU.ActiveCfg = Release|Any CPU
		{1CCD4B77-1CDF-493B-8C99-E61E52526564}.Release|Any CPU.Build.0 = Release|Any CPU
		{A6394030-731A-42D8-BABD-1316AE7285F0}.Debug|Any CPU.ActiveCfg = Debug|Any CPU
		{A6394030-731A-42D8-BABD-1316AE7285F0}.Debug|Any CPU.Build.0 = Debug|Any CPU
		{A6394030-731A-42D8-BABD-1316AE7285F0}.Release|Any CPU.ActiveCfg = Release|Any CPU
		{A6394030-731A-42D8-BABD-1316AE7285F0}.Release|Any CPU.Build.0 = Release|Any CPU
		{2A57CF33-6129-416B-9D06-36F4B77E4437}.Debug|Any CPU.ActiveCfg = Debug|Any CPU
		{2A57CF33-6129-416B-9D06-36F4B77E4437}.Debug|Any CPU.Build.0 = Debug|Any CPU
		{2A57CF33-6129-416B-9D06-36F4B77E4437}.Release|Any CPU.ActiveCfg = Release|Any CPU
		{2A57CF33-6129-416B-9D06-36F4B77E4437}.Release|Any CPU.Build.0 = Release|Any CPU
		{3E54F44B-7226-43AC-8803-FB2CBF75413A}.Debug|Any CPU.ActiveCfg = Debug|Any CPU
		{3E54F44B-7226-43AC-8803-FB2CBF75413A}.Debug|Any CPU.Build.0 = Debug|Any CPU
		{3E54F44B-7226-43AC-8803-FB2CBF75413A}.Release|Any CPU.ActiveCfg = Release|Any CPU
		{3E54F44B-7226-43AC-8803-FB2CBF75413A}.Release|Any CPU.Build.0 = Release|Any CPU
		{FC32C74C-6000-4207-8F16-D3B65B903F71}.Debug|Any CPU.ActiveCfg = Debug|Any CPU
		{FC32C74C-6000-4207-8F16-D3B65B903F71}.Debug|Any CPU.Build.0 = Debug|Any CPU
		{FC32C74C-6000-4207-8F16-D3B65B903F71}.Release|Any CPU.ActiveCfg = Release|Any CPU
		{FC32C74C-6000-4207-8F16-D3B65B903F71}.Release|Any CPU.Build.0 = Release|Any CPU
		{2EEFA2D3-0CC3-4609-A263-D5F216C85955}.Debug|Any CPU.ActiveCfg = Debug|Any CPU
		{2EEFA2D3-0CC3-4609-A263-D5F216C85955}.Debug|Any CPU.Build.0 = Debug|Any CPU
		{2EEFA2D3-0CC3-4609-A263-D5F216C85955}.Release|Any CPU.ActiveCfg = Release|Any CPU
		{2EEFA2D3-0CC3-4609-A263-D5F216C85955}.Release|Any CPU.Build.0 = Release|Any CPU
		{77545FE3-AEF0-4C83-ADF8-31FC76C1DD6B}.Debug|Any CPU.ActiveCfg = Debug|Any CPU
		{77545FE3-AEF0-4C83-ADF8-31FC76C1DD6B}.Debug|Any CPU.Build.0 = Debug|Any CPU
		{77545FE3-AEF0-4C83-ADF8-31FC76C1DD6B}.Release|Any CPU.ActiveCfg = Release|Any CPU
		{77545FE3-AEF0-4C83-ADF8-31FC76C1DD6B}.Release|Any CPU.Build.0 = Release|Any CPU
		{6F9F50AB-3146-4D5B-9424-73E9E0F0A2F5}.Debug|Any CPU.ActiveCfg = Debug|Any CPU
		{6F9F50AB-3146-4D5B-9424-73E9E0F0A2F5}.Debug|Any CPU.Build.0 = Debug|Any CPU
		{6F9F50AB-3146-4D5B-9424-73E9E0F0A2F5}.Release|Any CPU.ActiveCfg = Release|Any CPU
		{6F9F50AB-3146-4D5B-9424-73E9E0F0A2F5}.Release|Any CPU.Build.0 = Release|Any CPU
		{ADEE39DC-305A-4226-ADC4-452183B3683F}.Debug|Any CPU.ActiveCfg = Debug|Any CPU
		{ADEE39DC-305A-4226-ADC4-452183B3683F}.Debug|Any CPU.Build.0 = Debug|Any CPU
		{ADEE39DC-305A-4226-ADC4-452183B3683F}.Release|Any CPU.ActiveCfg = Release|Any CPU
		{ADEE39DC-305A-4226-ADC4-452183B3683F}.Release|Any CPU.Build.0 = Release|Any CPU
		{F669B345-932D-4D0A-9537-81ADD2845BFC}.Debug|Any CPU.ActiveCfg = Debug|Any CPU
		{F669B345-932D-4D0A-9537-81ADD2845BFC}.Debug|Any CPU.Build.0 = Debug|Any CPU
		{F669B345-932D-4D0A-9537-81ADD2845BFC}.Release|Any CPU.ActiveCfg = Release|Any CPU
		{F669B345-932D-4D0A-9537-81ADD2845BFC}.Release|Any CPU.Build.0 = Release|Any CPU
		{1D5E9DF7-14AC-4784-82B3-F55A3FCC3A64}.Debug|Any CPU.ActiveCfg = Debug|Any CPU
		{1D5E9DF7-14AC-4784-82B3-F55A3FCC3A64}.Debug|Any CPU.Build.0 = Debug|Any CPU
		{1D5E9DF7-14AC-4784-82B3-F55A3FCC3A64}.Release|Any CPU.ActiveCfg = Release|Any CPU
		{1D5E9DF7-14AC-4784-82B3-F55A3FCC3A64}.Release|Any CPU.Build.0 = Release|Any CPU
		{8BCBA9C0-9E51-4B4F-A751-127B42A55D9F}.Debug|Any CPU.ActiveCfg = Debug|Any CPU
		{8BCBA9C0-9E51-4B4F-A751-127B42A55D9F}.Debug|Any CPU.Build.0 = Debug|Any CPU
		{8BCBA9C0-9E51-4B4F-A751-127B42A55D9F}.Release|Any CPU.ActiveCfg = Release|Any CPU
		{8BCBA9C0-9E51-4B4F-A751-127B42A55D9F}.Release|Any CPU.Build.0 = Release|Any CPU
		{5B490160-8006-4484-A563-DC0A17E0102E}.Debug|Any CPU.ActiveCfg = Debug|Any CPU
		{5B490160-8006-4484-A563-DC0A17E0102E}.Debug|Any CPU.Build.0 = Debug|Any CPU
		{5B490160-8006-4484-A563-DC0A17E0102E}.Release|Any CPU.ActiveCfg = Release|Any CPU
		{5B490160-8006-4484-A563-DC0A17E0102E}.Release|Any CPU.Build.0 = Release|Any CPU
	EndGlobalSection
	GlobalSection(SolutionProperties) = preSolution
		HideSolutionNode = FALSE
	EndGlobalSection
	GlobalSection(NestedProjects) = preSolution
		{1FABBF22-22C0-4719-B270-71043DC0EEE5} = {EF116172-D6BF-4D42-9C60-86A8822FDC1A}
		{239C46A7-4246-45CF-BA5F-CA0249ED88E8} = {EF116172-D6BF-4D42-9C60-86A8822FDC1A}
		{70C4C6EC-4D1B-45CD-9972-267515E1A67F} = {EF116172-D6BF-4D42-9C60-86A8822FDC1A}
		{7126E7CF-F1EB-476A-8494-A30FFAA53428} = {EF116172-D6BF-4D42-9C60-86A8822FDC1A}
		{764AE883-8770-4469-BFFC-34A912E4E3AC} = {EF116172-D6BF-4D42-9C60-86A8822FDC1A}
		{DA3C38BB-7BEE-4F39-88E5-31389A8299FA} = {EF116172-D6BF-4D42-9C60-86A8822FDC1A}
		{D2E2059D-8D4A-454E-BA15-40537265EBBE} = {EF116172-D6BF-4D42-9C60-86A8822FDC1A}
		{827EF226-2E54-48C1-8D07-590CC7688DB1} = {1780192B-97E2-4B44-9BA4-E179CA003B87}
		{B6EBC215-922E-4767-9A8F-E89D47C29901} = {1780192B-97E2-4B44-9BA4-E179CA003B87}
		{F23140B2-99F1-4DA1-AB69-B7996A96406D} = {1780192B-97E2-4B44-9BA4-E179CA003B87}
		{ECE62E5F-8E22-4DEE-8F54-93819F28998A} = {1780192B-97E2-4B44-9BA4-E179CA003B87}
		{D6CA21FE-7865-4EF3-9B26-EDE859C43E2D} = {1780192B-97E2-4B44-9BA4-E179CA003B87}
		{A5C8CF0B-4C15-4EB7-A431-2A8A9EA0EE79} = {1780192B-97E2-4B44-9BA4-E179CA003B87}
		{E9C8B51D-381A-47B1-A1CB-992F32F18DCD} = {FEECB19A-097B-4B5A-8C12-AB1EC28140E1}
		{206BDB6C-8C50-4851-912F-F74C39A83265} = {FEECB19A-097B-4B5A-8C12-AB1EC28140E1}
		{CC3EA885-03FA-457E-8D7E-1FD291569E1E} = {FEECB19A-097B-4B5A-8C12-AB1EC28140E1}
		{5470D965-F7D3-49A0-B20C-1722C2A7196D} = {FEECB19A-097B-4B5A-8C12-AB1EC28140E1}
		{829CE3FA-E00B-4DA4-B22A-08CB10919D65} = {FEECB19A-097B-4B5A-8C12-AB1EC28140E1}
		{50752949-7619-4452-8D20-19CB6C9C3529} = {FEECB19A-097B-4B5A-8C12-AB1EC28140E1}
		{6669DB21-2F88-425E-B801-A719443D0D3B} = {FEECB19A-097B-4B5A-8C12-AB1EC28140E1}
		{47CE3F6A-99A2-44B6-9BDE-3881780C5447} = {FEECB19A-097B-4B5A-8C12-AB1EC28140E1}
		{5BB3C25E-F56B-4DE6-ABAC-76F8132252F4} = {FEECB19A-097B-4B5A-8C12-AB1EC28140E1}
		{1CCD4B77-1CDF-493B-8C99-E61E52526564} = {FEECB19A-097B-4B5A-8C12-AB1EC28140E1}
		{A6394030-731A-42D8-BABD-1316AE7285F0} = {FEECB19A-097B-4B5A-8C12-AB1EC28140E1}
		{2A57CF33-6129-416B-9D06-36F4B77E4437} = {FEECB19A-097B-4B5A-8C12-AB1EC28140E1}
		{3E54F44B-7226-43AC-8803-FB2CBF75413A} = {FEECB19A-097B-4B5A-8C12-AB1EC28140E1}
		{FC32C74C-6000-4207-8F16-D3B65B903F71} = {FEECB19A-097B-4B5A-8C12-AB1EC28140E1}
		{2EEFA2D3-0CC3-4609-A263-D5F216C85955} = {FEECB19A-097B-4B5A-8C12-AB1EC28140E1}
		{77545FE3-AEF0-4C83-ADF8-31FC76C1DD6B} = {FEECB19A-097B-4B5A-8C12-AB1EC28140E1}
		{6F9F50AB-3146-4D5B-9424-73E9E0F0A2F5} = {FEECB19A-097B-4B5A-8C12-AB1EC28140E1}
		{ADEE39DC-305A-4226-ADC4-452183B3683F} = {FEECB19A-097B-4B5A-8C12-AB1EC28140E1}
		{F669B345-932D-4D0A-9537-81ADD2845BFC} = {FEECB19A-097B-4B5A-8C12-AB1EC28140E1}
		{1D5E9DF7-14AC-4784-82B3-F55A3FCC3A64} = {FEECB19A-097B-4B5A-8C12-AB1EC28140E1}
		{8BCBA9C0-9E51-4B4F-A751-127B42A55D9F} = {FEECB19A-097B-4B5A-8C12-AB1EC28140E1}
		{5B490160-8006-4484-A563-DC0A17E0102E} = {FEECB19A-097B-4B5A-8C12-AB1EC28140E1}
	EndGlobalSection
	GlobalSection(ExtensibilityGlobals) = postSolution
		SolutionGuid = {B604A745-94E9-4389-8BA8-28FFAD787243}
	EndGlobalSection
EndGlobal
